Microsoft Visual Studio Solution File, Format Version 1.00
Project("{66355F20-A65B-11D0-BFB5-00A0C91EBFA0}") = "generic", "generic.vjp", "{F29310FD-357D-4DB7-9F61-82BEF4AC450C}"
EndProject
Global
	GlobalSection(LocalDeployment) = postSolution
		StartupProject = {F29310FD-357D-4DB7-9F61-82BEF4AC450C}
	EndGlobalSection
	GlobalSection(BuildOrder) = postSolution
		0 = {F29310FD-357D-4DB7-9F61-82BEF4AC450C}
	EndGlobalSection
	GlobalSection(DeploymentRoot) = postSolution
	EndGlobalSection
EndGlobal
